schema: '2.0'
stages:
  data_ingestion:
    cmd: python -m 
      src.kidney_disease_classifier.pipeline.stage_01_data_ingestion
    deps:
    - path: configs/configs.yaml
      hash: md5
      md5: f5485a9d6a21899edb75d34ad6e427cc
      size: 1233
      isexec: true
    - path: src/kidney_disease_classifier/pipeline/stage_01_data_ingestion.py
      hash: md5
      md5: c90fc3454dfe75e43fcbeea661df50c3
      size: 876
      isexec: true
    outs:
    - path: artifacts/data_ingestion/raw
      hash: md5
      md5: 6bdd53ab7c5c24c0fde8c1b5e8878520.dir
      size: 58936381
      nfiles: 465
    - path: artifacts/data_ingestion/split
      hash: md5
      md5: 0601ad383b9e6ef8f0418b47d6d0836a.dir
      size: 58936381
      nfiles: 465
  prepare_base_model:
    cmd: python -m 
      src.kidney_disease_classifier.pipeline.stage_02_prepare_base_model
    deps:
    - path: configs/configs.yaml
      hash: md5
      md5: f5485a9d6a21899edb75d34ad6e427cc
      size: 1233
      isexec: true
    - path: 
        src/kidney_disease_classifier/pipeline/stage_02_prepare_base_model.py
      hash: md5
      md5: 33f693b3b105bb2db481aeffe5ee48b1
      size: 947
      isexec: true
    params:
      params.yaml:
        model.input_shape:
        - 224
        - 224
        - 3
        model.name: mobilenetv2
        model.weights: imagenet
        training.learning_rate: 0.0001
        transfer_learning.freeze_all: false
        transfer_learning.freeze_till: 20
    outs:
    - path: artifacts/prepare_base_model
      hash: md5
      md5: 7b372e2831f813ffa67f482e813444d2.dir
      size: 19902808
      nfiles: 3
  training:
    cmd: python -m 
      src.kidney_disease_classifier.pipeline.stage_03_model_training
    deps:
    - path: artifacts/data_ingestion/split
      hash: md5
      md5: 0601ad383b9e6ef8f0418b47d6d0836a.dir
      size: 58936381
      nfiles: 465
    - path: artifacts/prepare_base_model
      hash: md5
      md5: 7b372e2831f813ffa67f482e813444d2.dir
      size: 19902808
      nfiles: 3
    - path: configs/configs.yaml
      hash: md5
      md5: f5485a9d6a21899edb75d34ad6e427cc
      size: 1233
      isexec: true
    - path: src/kidney_disease_classifier/pipeline/stage_03_model_training.py
      hash: md5
      md5: 1171b5a8512eeec9fd95a12779ec7d64
      size: 848
      isexec: true
    params:
      params.yaml:
        augmentation:
          enabled: true
          horizontal_flip: true
          rotation: 0.2
          zoom: 0.2
          translation: 0.1
        model:
          name: mobilenetv2
          input_shape:
          - 224
          - 224
          - 3
          num_classes: 2
          weights: imagenet
        training:
          batch_size: 16
          epochs: 10
          learning_rate: 0.0001
          optimizer: adam
          callbacks:
            early_stopping:
              monitor: val_loss
              patience: 5
              restore_best_weights: true
        transfer_learning:
          freeze_all: false
          freeze_till: 20
    outs:
    - path: artifacts/training
      hash: md5
      md5: 6f79cbd3460cd027196b79e1fff3f072.dir
      size: 21297319
      nfiles: 1
  evaluation:
    cmd: python -m 
      src.kidney_disease_classifier.pipeline.stage_04_model_evaluation
    deps:
    - path: artifacts/data_ingestion/split/test
      hash: md5
      md5: b49c62a6e4a9b3a35339c9f00c3ffe8a.dir
      size: 9185595
      nfiles: 70
    - path: artifacts/training
      hash: md5
      md5: 6f79cbd3460cd027196b79e1fff3f072.dir
      size: 21297319
      nfiles: 1
    - path: configs/configs.yaml
      hash: md5
      md5: f5485a9d6a21899edb75d34ad6e427cc
      size: 1233
      isexec: true
    - path: src/kidney_disease_classifier/pipeline/stage_04_model_evaluation.py
      hash: md5
      md5: d08346e98c9472a277897ba37e42f51c
      size: 829
      isexec: true
    params:
      params.yaml:
        model.input_shape:
        - 224
        - 224
        - 3
        model.name: mobilenetv2
        training.batch_size: 16
    outs:
    - path: artifacts/evaluation/scores.json
      hash: md5
      md5: 8a58bafd060e9f1edec1271dcb308663
      size: 144
      isexec: true
